
Microsoft Visual Studio Solution File, Format Version 12.00
# Visual Studio Version 16
VisualStudioVersion = 16.0.30621.155
MinimumVisualStudioVersion = 10.0.40219.1
Project("{888888A0-9F3D-457C-B088-3A5042F75D52}") = "DanStore", "DanStore.pyproj", "{3FB5E920-4181-4F7F-82A1-03BD96C659A7}"
EndProject
Global
	GlobalSection(SolutionConfigurationPlatforms) = preSolution
		Debug|Any CPU = Debug|Any CPU
		Release|Any CPU = Release|Any CPU
	EndGlobalSection
	GlobalSection(ProjectConfigurationPlatforms) = postSolution
		{3FB5E920-4181-4F7F-82A1-03BD96C659A7}.Debug|Any CPU.ActiveCfg = Debug|Any CPU
		{3FB5E920-4181-4F7F-82A1-03BD96C659A7}.Release|Any CPU.ActiveCfg = Release|Any CPU
	EndGlobalSection
	GlobalSection(SolutionProperties) = preSolution
		HideSolutionNode = FALSE
	EndGlobalSection
	GlobalSection(ExtensibilityGlobals) = postSolution
		SolutionGuid = {0EB333F8-5979-4D1B-B7BC-642F64548D2B}
	EndGlobalSection
EndGlobal
